
Microsoft Visual Studio Solution File, Format Version 10.00
# Visual Studio 2008
Project("{FAE04EC0-301F-11D3-BF4B-00C04F79EFBC}") = "dllproj", "dllproj.csproj", "{AF32D0F4-B22C-409E-A9F4-ABF35448F655}"
EndProject
Global
	GlobalSection(SolutionConfigurationPlatforms) = preSolution
		Debug|Any CPU = Debug|Any CPU
		Release|Any CPU = Release|Any CPU
	EndGlobalSection
	GlobalSection(ProjectConfigurationPlatforms) = postSolution
		{AF32D0F4-B22C-409E-A9F4-ABF35448F655}.Debug|Any CPU.ActiveCfg = Debug|Any CPU
		{AF32D0F4-B22C-409E-A9F4-ABF35448F655}.Debug|Any CPU.Build.0 = Debug|Any CPU
		{AF32D0F4-B22C-409E-A9F4-ABF35448F655}.Release|Any CPU.ActiveCfg = Release|Any CPU
		{AF32D0F4-B22C-409E-A9F4-ABF35448F655}.Release|Any CPU.Build.0 = Release|Any CPU
	EndGlobalSection
	GlobalSection(MonoDevelopProperties) = preSolution
		StartupItem = dllproj.csproj
	EndGlobalSection
EndGlobal
